{
  "nodes": {
    "nixpkgs": {
      "locked": {
        "lastModified": 1664107978,
        "owner": "nixos",
        "repo": "nixpkgs",
        "rev": "72783a2d0dbbf030bff1537873dd5b85b3fb332f",
        "type": "github"
      },
      "original": {
        "owner": "nixos",
        "ref": "nixos-22.05",
        "repo": "nixpkgs",
        "type": "github"
      }
    },
    "root": {
      "inputs": {
        "nixpkgs": "nixpkgs",
        "test1": "test1",
        "test2": "test2",
        "test3": "test3",
        "test4": "test4"
      }
    },
    "test1": {
      "locked": {
        "lastModified": 1664213492,
        "narHash": "sha256-qXOBI00veVlHmxFLWnOq11BltndH7nzvLsRC4Nnak0M=",
        "ref": "refs/heads/main",
        "rev": "ff263c811d94366af9456a2946e3bc9ea9f4895f",
        "revCount": 3,
        "type": "git",
        "url": "https://github.com/lheckemann-dump/fetcher-issues-b.git"
      },
      "original": {
        "type": "git",
        "url": "https://github.com/lheckemann-dump/fetcher-issues-b.git"
      }
    },
    "test2": {
      "flake": false,
      "locked": {
        "lastModified": 1664213492,
        "narHash": "sha256-qXOBI00veVlHmxFLWnOq11BltndH7nzvLsRC4Nnak0M=",
        "ref": "refs/heads/main",
        "rev": "ff263c811d94366af9456a2946e3bc9ea9f4895f",
        "revCount": 3,
        "type": "git",
        "url": "https://github.com/lheckemann-dump/fetcher-issues-b.git"
      },
      "original": {
        "type": "git",
        "url": "https://github.com/lheckemann-dump/fetcher-issues-b.git"
      }
    },
    "test3": {
      "locked": {
        "lastModified": 1664213492,
        "owner": "lheckemann-dump",
        "repo": "fetcher-issues-b",
        "rev": "ff263c811d94366af9456a2946e3bc9ea9f4895f",
        "type": "github"
      },
      "original": {
        "owner": "lheckemann-dump",
        "repo": "fetcher-issues-b",
        "type": "github"
      }
    },
    "test4": {
      "flake": false,
      "locked": {
        "lastModified": 1664213492,
        "owner": "lheckemann-dump",
        "repo": "fetcher-issues-b",
        "rev": "ff263c811d94366af9456a2946e3bc9ea9f4895f",
        "type": "github"
      },
      "original": {
        "owner": "lheckemann-dump",
        "repo": "fetcher-issues-b",
        "type": "github"
      }
    }
  },
  "root": "root",
  "version": 7
}
